// !$*UTF8*$!
{
	archiveVersion = 1;
	classes = {
	};
	objectVersion = 48;
	objects = {

/* Begin PBXBuildFile section */
		7CECE1D11F89E40C00469309 /* AppDelegate.swift in Sources */ = {isa = PBXBuildFile; fileRef = 7CECE1D01F89E40C00469309 /* AppDelegate.swift */; };
		7CECE1D31F89E40C00469309 /* ViewController.swift in Sources */ = {isa = PBXBuildFile; fileRef = 7CECE1D21F89E40C00469309 /* ViewController.swift */; };
		7CECE1D61F89E40C00469309 /* Main.storyboard in Resources */ = {isa = PBXBuildFile; fileRef = 7CECE1D41F89E40C00469309 /* Main.storyboard */; };
		7CECE1D81F89E40C00469309 /* Assets.xcassets in Resources */ = {isa = PBXBuildFile; fileRef = 7CECE1D71F89E40C00469309 /* Assets.xcassets */; };
		7CECE1DB1F89E40C00469309 /* LaunchScreen.storyboard in Resources */ = {isa = PBXBuildFile; fileRef = 7CECE1D91F89E40C00469309 /* LaunchScreen.storyboard */; };
		7CECE1E61F89E40C00469309 /* tutorialTests.swift in Sources */ = {isa = PBXBuildFile; fileRef = 7CECE1E51F89E40C00469309 /* tutorialTests.swift */; };
		7CECE1F11F89E40C00469309 /* tutorialUITests.swift in Sources */ = {isa = PBXBuildFile; fileRef = 7CECE1F01F89E40C00469309 /* tutorialUITests.swift */; };
/* End PBXBuildFile section */

/* Begin PBXContainerItemProxy section */
		7CECE1E21F89E40C00469309 /* PBXContainerItemProxy */ = {
			isa = PBXContainerItemProxy;
			containerPortal = 7CECE1C51F89E40C00469309 /* Project object */;
			proxyType = 1;
			remoteGlobalIDString = 7CECE1CC1F89E40C00469309;
			remoteInfo = tutorial;
		};
		7CECE1ED1F89E40C00469309 /* PBXContainerItemProxy */ = {
			isa = PBXContainerItemProxy;
			containerPortal = 7CECE1C51F89E40C00469309 /* Project object */;
			proxyType = 1;
			remoteGlobalIDString = 7CECE1CC1F89E40C00469309;
			remoteInfo = tutorial;
		};
/* End PBXContainerItemProxy section */

/* Begin PBXFileReference section */
		7CECE1CD1F89E40C00469309 /* tutorial.app */ = {isa = PBXFileReference; explicitFileType = wrapper.application; includeInIndex = 0; path = tutorial.app; sourceTree = BUILT_PRODUCTS_DIR; };
		7CECE1D01F89E40C00469309 /* AppDelegate.swift */ = {isa = PBXFileReference; lastKnownFileType = sourcecode.swift; path = AppDelegate.swift; sourceTree = "<group>"; };
		7CECE1D21F89E40C00469309 /* ViewController.swift */ = {isa = PBXFileReference; lastKnownFileType = sourcecode.swift; path = ViewController.swift; sourceTree = "<group>"; };
		7CECE1D51F89E40C00469309 /* Base */ = {isa = PBXFileReference; lastKnownFileType = file.storyboard; name = Base; path = Base.lproj/Main.storyboard; sourceTree = "<group>"; };
		7CECE1D71F89E40C00469309 /* Assets.xcassets */ = {isa = PBXFileReference; lastKnownFileType = folder.assetcatalog; path = Assets.xcassets; sourceTree = "<group>"; };
		7CECE1DA1F89E40C00469309 /* Base */ = {isa = PBXFileReference; lastKnownFileType = file.storyboard; name = Base; path = Base.lproj/LaunchScreen.storyboard; sourceTree = "<group>"; };
		7CECE1DC1F89E40C00469309 /* Info.plist */ = {isa = PBXFileReference; lastKnownFileType = text.plist.xml; path = Info.plist; sourceTree = "<group>"; };
		7CECE1E11F89E40C00469309 /* tutorialTests.xctest */ = {isa = PBXFileReference; explicitFileType = wrapper.cfbundle; includeInIndex = 0; path = tutorialTests.xctest; sourceTree = BUILT_PRODUCTS_DIR; };
		7CECE1E51F89E40C00469309 /* tutorialTests.swift */ = {isa = PBXFileReference; lastKnownFileType = sourcecode.swift; path = tutorialTests.swift; sourceTree = "<group>"; };
		7CECE1E71F89E40C00469309 /* Info.plist */ = {isa = PBXFileReference; lastKnownFileType = text.plist.xml; path = Info.plist; sourceTree = "<group>"; };
		7CECE1EC1F89E40C00469309 /* tutorialUITests.xctest */ = {isa = PBXFileReference; explicitFileType = wrapper.cfbundle; includeInIndex = 0; path = tutorialUITests.xctest; sourceTree = BUILT_PRODUCTS_DIR; };
		7CECE1F01F89E40C00469309 /* tutorialUITests.swift */ = {isa = PBXFileReference; lastKnownFileType = sourcecode.swift; path = tutorialUITests.swift; sourceTree = "<group>"; };
		7CECE1F21F89E40C00469309 /* Info.plist */ = {isa = PBXFileReference; lastKnownFileType = text.plist.xml; path = Info.plist; sourceTree = "<group>"; };
/* End PBXFileReference section */

/* Begin PBXFrameworksBuildPhase section */
		7CECE1CA1F89E40C00469309 /* Frameworks */ = {
			isa = PBXFrameworksBuildPhase;
			buildActionMask = 2147483647;
			files = (
			);
			runOnlyForDeploymentPostprocessing = 0;
		};
		7CECE1DE1F89E40C00469309 /* Frameworks */ = {
			isa = PBXFrameworksBuildPhase;
			buildActionMask = 2147483647;
			files = (
			);
			runOnlyForDeploymentPostprocessing = 0;
		};
		7CECE1E91F89E40C00469309 /* Frameworks */ = {
			isa = PBXFrameworksBuildPhase;
			buildActionMask = 2147483647;
			files = (
			);
			runOnlyForDeploymentPostprocessing = 0;
		};
/* End PBXFrameworksBuildPhase section */

/* Begin PBXGroup section */
		7CECE1C41F89E40C00469309 = {
			isa = PBXGroup;
			children = (
				7CECE1CF1F89E40C00469309 /* tutorial */,
				7CECE1E41F89E40C00469309 /* tutorialTests */,
				7CECE1EF1F89E40C00469309 /* tutorialUITests */,
				7CECE1CE1F89E40C00469309 /* Products */,
			);
			sourceTree = "<group>";
		};
		7CECE1CE1F89E40C00469309 /* Products */ = {
			isa = PBXGroup;
			children = (
				7CECE1CD1F89E40C00469309 /* tutorial.app */,
				7CECE1E11F89E40C00469309 /* tutorialTests.xctest */,
				7CECE1EC1F89E40C00469309 /* tutorialUITests.xctest */,
			);
			name = Products;
			sourceTree = "<group>";
		};
		7CECE1CF1F89E40C00469309 /* tutorial */ = {
			isa = PBXGroup;
			children = (
				7CECE1D01F89E40C00469309 /* AppDelegate.swift */,
				7CECE1D21F89E40C00469309 /* ViewController.swift */,
				7CECE1D41F89E40C00469309 /* Main.storyboard */,
				7CECE1D71F89E40C00469309 /* Assets.xcassets */,
				7CECE1D91F89E40C00469309 /* LaunchScreen.storyboard */,
				7CECE1DC1F89E40C00469309 /* Info.plist */,
			);
			path = tutorial;
			sourceTree = "<group>";
		};
		7CECE1E41F89E40C00469309 /* tutorialTests */ = {
			isa = PBXGroup;
			children = (
				7CECE1E51F89E40C00469309 /* tutorialTests.swift */,
				7CECE1E71F89E40C00469309 /* Info.plist */,
			);
			path = tutorialTests;
			sourceTree = "<group>";
		};
		7CECE1EF1F89E40C00469309 /* tutorialUITests */ = {
			isa = PBXGroup;
			children = (
				7CECE1F01F89E40C00469309 /* tutorialUITests.swift */,
				7CECE1F21F89E40C00469309 /* Info.plist */,
			);
			path = tutorialUITests;
			sourceTree = "<group>";
		};
/* End PBXGroup section */

/* Begin PBXNativeTarget section */
		7CECE1CC1F89E40C00469309 /* tutorial */ = {
			isa = PBXNativeTarget;
			buildConfigurationList = 7CECE1F51F89E40C00469309 /* Build configuration list for PBXNativeTarget "tutorial" */;
			buildPhases = (
				7CECE1C91F89E40C00469309 /* Sources */,
				7CECE1CA1F89E40C00469309 /* Frameworks */,
				7CECE1CB1F89E40C00469309 /* Resources */,
			);
			buildRules = (
			);
			dependencies = (
			);
			name = tutorial;
			productName = tutorial;
			productReference = 7CECE1CD1F89E40C00469309 /* tutorial.app */;
			productType = "com.apple.product-type.application";
		};
		7CECE1E01F89E40C00469309 /* tutorialTests */ = {
			isa = PBXNativeTarget;
			buildConfigurationList = 7CECE1F81F89E40C00469309 /* Build configuration list for PBXNativeTarget "tutorialTests" */;
			buildPhases = (
				7CECE1DD1F89E40C00469309 /* Sources */,
				7CECE1DE1F89E40C00469309 /* Frameworks */,
				7CECE1DF1F89E40C00469309 /* Resources */,
			);
			buildRules = (
			);
			dependencies = (
				7CECE1E31F89E40C00469309 /* PBXTargetDependency */,
			);
			name = tutorialTests;
			productName = tutorialTests;
			productReference = 7CECE1E11F89E40C00469309 /* tutorialTests.xctest */;
			productType = "com.apple.product-type.bundle.unit-test";
		};
		7CECE1EB1F89E40C00469309 /* tutorialUITests */ = {
			isa = PBXNativeTarget;
			buildConfigurationList = 7CECE1FB1F89E40C00469309 /* Build configuration list for PBXNativeTarget "tutorialUITests" */;
			buildPhases = (
				7CECE1E81F89E40C00469309 /* Sources */,
				7CECE1E91F89E40C00469309 /* Frameworks */,
				7CECE1EA1F89E40C00469309 /* Resources */,
			);
			buildRules = (
			);
			dependencies = (
				7CECE1EE1F89E40C00469309 /* PBXTargetDependency */,
			);
			name = tutorialUITests;
			productName = tutorialUITests;
			productReference = 7CECE1EC1F89E40C00469309 /* tutorialUITests.xctest */;
			productType = "com.apple.product-type.bundle.ui-testing";
		};
/* End PBXNativeTarget section */

/* Begin PBXProject section */
		7CECE1C51F89E40C00469309 /* Project object */ = {
			isa = PBXProject;
			attributes = {
				LastSwiftUpdateCheck = 0900;
				LastUpgradeCheck = 0900;
				ORGANIZATIONNAME = Merchant;
				TargetAttributes = {
					7CECE1CC1F89E40C00469309 = {
						CreatedOnToolsVersion = 9.0;
						ProvisioningStyle = Automatic;
					};
					7CECE1E01F89E40C00469309 = {
						CreatedOnToolsVersion = 9.0;
						ProvisioningStyle = Automatic;
						TestTargetID = 7CECE1CC1F89E40C00469309;
					};
					7CECE1EB1F89E40C00469309 = {
						CreatedOnToolsVersion = 9.0;
						ProvisioningStyle = Automatic;
						TestTargetID = 7CECE1CC1F89E40C00469309;
					};
				};
			};
			buildConfigurationList = 7CECE1C81F89E40C00469309 /* Build configuration list for PBXProject "tutorial" */;
			compatibilityVersion = "Xcode 8.0";
			developmentRegion = en;
			hasScannedForEncodings = 0;
			knownRegions = (
				en,
				Base,
			);
			mainGroup = 7CECE1C41F89E40C00469309;
			productRefGroup = 7CECE1CE1F89E40C00469309 /* Products */;
			projectDirPath = "";
			projectRoot = "";
			targets = (
				7CECE1CC1F89E40C00469309 /* tutorial */,
				7CECE1E01F89E40C00469309 /* tutorialTests */,
				7CECE1EB1F89E40C00469309 /* tutorialUITests */,
			);
		};
/* End PBXProject section */

/* Begin PBXResourcesBuildPhase section */
		7CECE1CB1F89E40C00469309 /* Resources */ = {
			isa = PBXResourcesBuildPhase;
			buildActionMask = 2147483647;
			files = (
				7CECE1DB1F89E40C00469309 /* LaunchScreen.storyboard in Resources */,
				7CECE1D81F89E40C00469309 /* Assets.xcassets in Resources */,
				7CECE1D61F89E40C00469309 /* Main.storyboard in Resources */,
			);
			runOnlyForDeploymentPostprocessing = 0;
		};
		7CECE1DF1F89E40C00469309 /* Resources */ = {
			isa = PBXResourcesBuildPhase;
			buildActionMask = 2147483647;
			files = (
			);
			runOnlyForDeploymentPostprocessing = 0;
		};
		7CECE1EA1F89E40C00469309 /* Resources */ = {
			isa = PBXResourcesBuildPhase;
			buildActionMask = 2147483647;
			files = (
			);
			runOnlyForDeploymentPostprocessing = 0;
		};
/* End PBXResourcesBuildPhase section */

/* Begin PBXSourcesBuildPhase section */
		7CECE1C91F89E40C00469309 /* Sources */ = {
			isa = PBXSourcesBuildPhase;
			buildActionMask = 2147483647;
			files = (
				7CECE1D31F89E40C00469309 /* ViewController.swift in Sources */,
				7CECE1D11F89E40C00469309 /* AppDelegate.swift in Sources */,
			);
			runOnlyForDeploymentPostprocessing = 0;
		};
		7CECE1DD1F89E40C00469309 /* Sources */ = {
			isa = PBXSourcesBuildPhase;
			buildActionMask = 2147483647;
			files = (
				7CECE1E61F89E40C00469309 /* tutorialTests.swift in Sources */,
			);
			runOnlyForDeploymentPostprocessing = 0;
		};
		7CECE1E81F89E40C00469309 /* Sources */ = {
			isa = PBXSourcesBuildPhase;
			buildActionMask = 2147483647;
			files = (
				7CECE1F11F89E40C00469309 /* tutorialUITests.swift in Sources */,
			);
			runOnlyForDeploymentPostprocessing = 0;
		};
/* End PBXSourcesBuildPhase section */

/* Begin PBXTargetDependency section */
		7CECE1E31F89E40C00469309 /* PBXTargetDependency */ = {
			isa = PBXTargetDependency;
			target = 7CECE1CC1F89E40C00469309 /* tutorial */;
			targetProxy = 7CECE1E21F89E40C00469309 /* PBXContainerItemProxy */;
		};
		7CECE1EE1F89E40C00469309 /* PBXTargetDependency */ = {
			isa = PBXTargetDependency;
			target = 7CECE1CC1F89E40C00469309 /* tutorial */;
			targetProxy = 7CECE1ED1F89E40C00469309 /* PBXContainerItemProxy */;
		};
/* End PBXTargetDependency section */

/* Begin PBXVariantGroup section */
		7CECE1D41F89E40C00469309 /* Main.storyboard */ = {
			isa = PBXVariantGroup;
			children = (
				7CECE1D51F89E40C00469309 /* Base */,
			);
			name = Main.storyboard;
			sourceTree = "<group>";
		};
		7CECE1D91F89E40C00469309 /* LaunchScreen.storyboard */ = {
			isa = PBXVariantGroup;
			children = (
				7CECE1DA1F89E40C00469309 /* Base */,
			);
			name = LaunchScreen.storyboard;
			sourceTree = "<group>";
		};
/* End PBXVariantGroup section */

/* Begin XCBuildConfiguration section */
		7CECE1F31F89E40C00469309 /* Debug */ = {
			isa = XCBuildConfiguration;
			buildSettings = {
				ALWAYS_SEARCH_USER_PATHS = NO;
				CLANG_ANALYZER_NONNULL = YES;
				CLANG_ANALYZER_NUMBER_OBJECT_CONVERSION = YES_AGGRESSIVE;
				CLANG_CXX_LANGUAGE_STANDARD = "gnu++14";
				CLANG_CXX_LIBRARY = "libc++";
				CLANG_ENABLE_MODULES = YES;
				CLANG_ENABLE_OBJC_ARC = YES;
				CLANG_WARN_BLOCK_CAPTURE_AUTORELEASING = YES;
				CLANG_WARN_BOOL_CONVERSION = YES;
				CLANG_WARN_COMMA = YES;
				CLANG_WARN_CONSTANT_CONVERSION = YES;
				CLANG_WARN_DIRECT_OBJC_ISA_USAGE = YES_ERROR;
				CLANG_WARN_DOCUMENTATION_COMMENTS = YES;
				CLANG_WARN_EMPTY_BODY = YES;
				CLANG_WARN_ENUM_CONVERSION = YES;
				CLANG_WARN_INFINITE_RECURSION = YES;
				CLANG_WARN_INT_CONVERSION = YES;
				CLANG_WARN_NON_LITERAL_NULL_CONVERSION = YES;
				CLANG_WARN_OBJC_LITERAL_CONVERSION = YES;
				CLANG_WARN_OBJC_ROOT_CLASS = YES_ERROR;
				CLANG_WARN_RANGE_LOOP_ANALYSIS = YES;
				CLANG_WARN_STRICT_PROTOTYPES = YES;
				CLANG_WARN_SUSPICIOUS_MOVE = YES;
				CLANG_WARN_UNGUARDED_AVAILABILITY = YES_AGGRESSIVE;
				CLANG_WARN_UNREACHABLE_CODE = YES;
				CLANG_WARN__DUPLICATE_METHOD_MATCH = YES;
				CODE_SIGN_IDENTITY = "iPhone Developer";
				COPY_PHASE_STRIP = NO;
				DEBUG_INFORMATION_FORMAT = dwarf;
				ENABLE_STRICT_OBJC_MSGSEND = YES;
				ENABLE_TESTABILITY = YES;
				GCC_C_LANGUAGE_STANDARD = gnu11;
				GCC_DYNAMIC_NO_PIC = NO;
				GCC_NO_COMMON_BLOCKS = YES;
				GCC_OPTIMIZATION_LEVEL = 0;
				GCC_PREPROCESSOR_DEFINITIONS = (
					"DEBUG=1",
					"$(inherited)",
				);
				GCC_WARN_64_TO_32_BIT_CONVERSION = YES;
				GCC_WARN_ABOUT_RETURN_TYPE = YES_ERROR;
				GCC_WARN_UNDECLARED_SELECTOR = YES;
				GCC_WARN_UNINITIALIZED_AUTOS = YES_AGGRESSIVE;
				GCC_WARN_UNUSED_FUNCTION = YES;
				GCC_WARN_UNUSED_VARIABLE = YES;
				IPHONEOS_DEPLOYMENT_TARGET = 11.0;
				MTL_ENABLE_DEBUG_INFO = YES;
				ONLY_ACTIVE_ARCH = YES;
				SDKROOT = iphoneos;
				SWIFT_ACTIVE_COMPILATION_CONDITIONS = DEBUG;
				SWIFT_OPTIMIZATION_LEVEL = "-Onone";
			};
			name = Debug;
		};
		7CECE1F41F89E40C00469309 /* Release */ = {
			isa = XCBuildConfiguration;
			buildSettings = {
				ALWAYS_SEARCH_USER_PATHS = NO;
				CLANG_ANALYZER_NONNULL = YES;
				CLANG_ANALYZER_NUMBER_OBJECT_CONVERSION = YES_AGGRESSIVE;
				CLANG_CXX_LANGUAGE_STANDARD = "gnu++14";
				CLANG_CXX_LIBRARY = "libc++";
				CLANG_ENABLE_MODULES = YES;
				CLANG_ENABLE_OBJC_ARC = YES;
				CLANG_WARN_BLOCK_CAPTURE_AUTORELEASING = YES;
				CLANG_WARN_BOOL_CONVERSION = YES;
				CLANG_WARN_COMMA = YES;
				CLANG_WARN_CONSTANT_CONVERSION = YES;
				CLANG_WARN_DIRECT_OBJC_ISA_USAGE = YES_ERROR;
				CLANG_WARN_DOCUMENTATION_COMMENTS = YES;
				CLANG_WARN_EMPTY_BODY = YES;
				CLANG_WARN_ENUM_CONVERSION = YES;
				CLANG_WARN_INFINITE_RECURSION = YES;
				CLANG_WARN_INT_CONVERSION = YES;
				CLANG_WARN_NON_LITERAL_NULL_CONVERSION = YES;
				CLANG_WARN_OBJC_LITERAL_CONVERSION = YES;
				CLANG_WARN_OBJC_ROOT_CLASS = YES_ERROR;
				CLANG_WARN_RANGE_LOOP_ANALYSIS = YES;
				CLANG_WARN_STRICT_PROTOTYPES = YES;
				CLANG_WARN_SUSPICIOUS_MOVE = YES;
				CLANG_WARN_UNGUARDED_AVAILABILITY = YES_AGGRESSIVE;
				CLANG_WARN_UNREACHABLE_CODE = YES;
				CLANG_WARN__DUPLICATE_METHOD_MATCH = YES;
				CODE_SIGN_IDENTITY = "iPhone Developer";
				COPY_PHASE_STRIP = NO;
				DEBUG_INFORMATION_FORMAT = "dwarf-with-dsym";
				ENABLE_NS_ASSERTIONS = NO;
				ENABLE_STRICT_OBJC_MSGSEND = YES;
				GCC_C_LANGUAGE_STANDARD = gnu11;
				GCC_NO_COMMON_BLOCKS = YES;
				GCC_WARN_64_TO_32_BIT_CONVERSION = YES;
				GCC_WARN_ABOUT_RETURN_TYPE = YES_ERROR;
				GCC_WARN_UNDECLARED_SELECTOR = YES;
				GCC_WARN_UNINITIALIZED_AUTOS = YES_AGGRESSIVE;
				GCC_WARN_UNUSED_FUNCTION = YES;
				GCC_WARN_UNUSED_VARIABLE = YES;
				IPHONEOS_DEPLOYMENT_TARGET = 11.0;
				MTL_ENABLE_DEBUG_INFO = NO;
				SDKROOT = iphoneos;
				SWIFT_OPTIMIZATION_LEVEL = "-Owholemodule";
				VALIDATE_PRODUCT = YES;
			};
			name = Release;
		};
		7CECE1F61F89E40C00469309 /* Debug */ = {
			isa = XCBuildConfiguration;
			buildSettings = {
				ASSETCATALOG_COMPILER_APPICON_NAME = AppIcon;
				CODE_SIGN_STYLE = Automatic;
				INFOPLIST_FILE = tutorial/Info.plist;
				LD_RUNPATH_SEARCH_PATHS = "$(inherited) @executable_path/Frameworks";
				PRODUCT_BUNDLE_IDENTIFIER = com.example.tutorial;
				PRODUCT_NAME = "$(TARGET_NAME)";
				SWIFT_VERSION = 4.0;
				TARGETED_DEVICE_FAMILY = "1,2";
			};
			name = Debug;
		};
		7CECE1F71F89E40C00469309 /* Release */ = {
			isa = XCBuildConfiguration;
			buildSettings = {
				ASSETCATALOG_COMPILER_APPICON_NAME = AppIcon;
				CODE_SIGN_STYLE = Automatic;
				INFOPLIST_FILE = tutorial/Info.plist;
				LD_RUNPATH_SEARCH_PATHS = "$(inherited) @executable_path/Frameworks";
				PRODUCT_BUNDLE_IDENTIFIER = com.example.tutorial;
				PRODUCT_NAME = "$(TARGET_NAME)";
				SWIFT_VERSION = 4.0;
				TARGETED_DEVICE_FAMILY = "1,2";
			};
			name = Release;
		};
		7CECE1F91F89E40C00469309 /* Debug */ = {
			isa = XCBuildConfiguration;
			buildSettings = {
				ALWAYS_EMBED_SWIFT_STANDARD_LIBRARIES = YES;
				BUNDLE_LOADER = "$(TEST_HOST)";
				CODE_SIGN_STYLE = Automatic;
				INFOPLIST_FILE = tutorialTests/Info.plist;
				LD_RUNPATH_SEARCH_PATHS = "$(inherited) @executable_path/Frameworks @loader_path/Frameworks";
				PRODUCT_BUNDLE_IDENTIFIER = com.example.tutorialTests;
				PRODUCT_NAME = "$(TARGET_NAME)";
				SWIFT_VERSION = 4.0;
				TARGETED_DEVICE_FAMILY = "1,2";
				TEST_HOST = "$(BUILT_PRODUCTS_DIR)/tutorial.app/tutorial";
			};
			name = Debug;
		};
		7CECE1FA1F89E40C00469309 /* Release */ = {
			isa = XCBuildConfiguration;
			buildSettings = {
				ALWAYS_EMBED_SWIFT_STANDARD_LIBRARIES = YES;
				BUNDLE_LOADER = "$(TEST_HOST)";
				CODE_SIGN_STYLE = Automatic;
				INFOPLIST_FILE = tutorialTests/Info.plist;
				LD_RUNPATH_SEARCH_PATHS = "$(inherited) @executable_path/Frameworks @loader_path/Frameworks";
				PRODUCT_BUNDLE_IDENTIFIER = com.example.tutorialTests;
				PRODUCT_NAME = "$(TARGET_NAME)";
				SWIFT_VERSION = 4.0;
				TARGETED_DEVICE_FAMILY = "1,2";
				TEST_HOST = "$(BUILT_PRODUCTS_DIR)/tutorial.app/tutorial";
			};
			name = Release;
		};
		7CECE1FC1F89E40C00469309 /* Debug */ = {
			isa = XCBuildConfiguration;
			buildSettings = {
				ALWAYS_EMBED_SWIFT_STANDARD_LIBRARIES = YES;
				CODE_SIGN_STYLE = Automatic;
				INFOPLIST_FILE = tutorialUITests/Info.plist;
				LD_RUNPATH_SEARCH_PATHS = "$(inherited) @executable_path/Frameworks @loader_path/Frameworks";
				PRODUCT_BUNDLE_IDENTIFIER = com.example.tutorialUITests;
				PRODUCT_NAME = "$(TARGET_NAME)";
				SWIFT_VERSION = 4.0;
				TARGETED_DEVICE_FAMILY = "1,2";
				TEST_TARGET_NAME = tutorial;
			};
			name = Debug;
		};
		7CECE1FD1F89E40C00469309 /* Release */ = {
			isa = XCBuildConfiguration;
			buildSettings = {
				ALWAYS_EMBED_SWIFT_STANDARD_LIBRARIES = YES;
				CODE_SIGN_STYLE = Automatic;
				INFOPLIST_FILE = tutorialUITests/Info.plist;
				LD_RUNPATH_SEARCH_PATHS = "$(inherited) @executable_path/Frameworks @loader_path/Frameworks";
				PRODUCT_BUNDLE_IDENTIFIER = com.example.tutorialUITests;
				PRODUCT_NAME = "$(TARGET_NAME)";
				SWIFT_VERSION = 4.0;
				TARGETED_DEVICE_FAMILY = "1,2";
				TEST_TARGET_NAME = tutorial;
			};
			name = Release;
		};
/* End XCBuildConfiguration section */

/* Begin XCConfigurationList section */
		7CECE1C81F89E40C00469309 /* Build configuration list for PBXProject "tutorial" */ = {
			isa = XCConfigurationList;
			buildConfigurations = (
				7CECE1F31F89E40C00469309 /* Debug */,
				7CECE1F41F89E40C00469309 /* Release */,
			);
			defaultConfigurationIsVisible = 0;
			defaultConfigurationName = Release;
		};
		7CECE1F51F89E40C00469309 /* Build configuration list for PBXNativeTarget "tutorial" */ = {
			isa = XCConfigurationList;
			buildConfigurations = (
				7CECE1F61F89E40C00469309 /* Debug */,
				7CECE1F71F89E40C00469309 /* Release */,
			);
			defaultConfigurationIsVisible = 0;
			defaultConfigurationName = Release;
		};
		7CECE1F81F89E40C00469309 /* Build configuration list for PBXNativeTarget "tutorialTests" */ = {
			isa = XCConfigurationList;
			buildConfigurations = (
				7CECE1F91F89E40C00469309 /* Debug */,
				7CECE1FA1F89E40C00469309 /* Release */,
			);
			defaultConfigurationIsVisible = 0;
			defaultConfigurationName = Release;
		};
		7CECE1FB1F89E40C00469309 /* Build configuration list for PBXNativeTarget "tutorialUITests" */ = {
			isa = XCConfigurationList;
			buildConfigurations = (
				7CECE1FC1F89E40C00469309 /* Debug */,
				7CECE1FD1F89E40C00469309 /* Release */,
			);
			defaultConfigurationIsVisible = 0;
			defaultConfigurationName = Release;
		};
/* End XCConfigurationList section */
	};
	rootObject = 7CECE1C51F89E40C00469309 /* Project object */;
}
